
Microsoft Visual Studio Solution File, Format Version 12.00
# Visual Studio Version 17
VisualStudioVersion = 17.11.35327.3
MinimumVisualStudioVersion = 10.0.40219.1
Project("{FAE04EC0-301F-11D3-BF4B-00C04F79EFBC}") = "PCSPractice", "PCSPractice\PCSPractice.csproj", "{33CEADEC-99C8-43AD-B962-31D882B95B95}"
EndProject
Global
	GlobalSection(SolutionConfigurationPlatforms) = preSolution
		Debug|Any CPU = Debug|Any CPU
		Release|Any CPU = Release|Any CPU
	EndGlobalSection
	GlobalSection(ProjectConfigurationPlatforms) = postSolution
		{33CEADEC-99C8-43AD-B962-31D882B95B95}.Debug|Any CPU.ActiveCfg = Debug|Any CPU
		{33CEADEC-99C8-43AD-B962-31D882B95B95}.Debug|Any CPU.Build.0 = Debug|Any CPU
		{33CEADEC-99C8-43AD-B962-31D882B95B95}.Release|Any CPU.ActiveCfg = Release|Any CPU
		{33CEADEC-99C8-43AD-B962-31D882B95B95}.Release|Any CPU.Build.0 = Release|Any CPU
	EndGlobalSection
	GlobalSection(SolutionProperties) = preSolution
		HideSolutionNode = FALSE
	EndGlobalSection
	GlobalSection(ExtensibilityGlobals) = postSolution
		SolutionGuid = {023D9178-124A-413F-8353-1E4D5CACF210}
	EndGlobalSection
EndGlobal
